
Microsoft Visual Studio Solution File, Format Version 12.00
# Visual Studio Version 17
VisualStudioVersion = 17.10.35013.160
MinimumVisualStudioVersion = 10.0.40219.1
Project("{2150E333-8FDC-42A3-9474-1A3956D46DE8}") = "src", "src", "{7B3E40F0-1141-4C94-A811-874E811C3F04}"
EndProject
Project("{2150E333-8FDC-42A3-9474-1A3956D46DE8}") = "Core", "Core", "{EE2591E4-314D-4808-84BB-AE837E9E2983}"
EndProject
Project("{FAE04EC0-301F-11D3-BF4B-00C04F79EFBC}") = "Domain", "src\Core\Domain\Domain.csproj", "{ED778D05-1326-4243-A22D-2DA7FF177762}"
EndProject
Project("{2150E333-8FDC-42A3-9474-1A3956D46DE8}") = "Infrastructure", "Infrastructure", "{349ECE27-8F96-4F02-B5E3-9C13AECC62B8}"
EndProject
Project("{2150E333-8FDC-42A3-9474-1A3956D46DE8}") = "Presentation", "Presentation", "{16C00FF2-D7D2-4828-AEBE-4613A41DBCC3}"
EndProject
Project("{2150E333-8FDC-42A3-9474-1A3956D46DE8}") = "API", "API", "{608E1971-CCFA-43BE-B73E-72D2DEE70DC4}"
EndProject
Project("{FAE04EC0-301F-11D3-BF4B-00C04F79EFBC}") = "Application", "src\Core\Application\Application.csproj", "{821A383C-44EA-453A-8CD8-6025493FF351}"
EndProject
Global
	GlobalSection(SolutionConfigurationPlatforms) = preSolution
		Debug|Any CPU = Debug|Any CPU
		Release|Any CPU = Release|Any CPU
	EndGlobalSection
	GlobalSection(ProjectConfigurationPlatforms) = postSolution
		{ED778D05-1326-4243-A22D-2DA7FF177762}.Debug|Any CPU.ActiveCfg = Debug|Any CPU
		{ED778D05-1326-4243-A22D-2DA7FF177762}.Debug|Any CPU.Build.0 = Debug|Any CPU
		{ED778D05-1326-4243-A22D-2DA7FF177762}.Release|Any CPU.ActiveCfg = Release|Any CPU
		{ED778D05-1326-4243-A22D-2DA7FF177762}.Release|Any CPU.Build.0 = Release|Any CPU
		{821A383C-44EA-453A-8CD8-6025493FF351}.Debug|Any CPU.ActiveCfg = Debug|Any CPU
		{821A383C-44EA-453A-8CD8-6025493FF351}.Debug|Any CPU.Build.0 = Debug|Any CPU
		{821A383C-44EA-453A-8CD8-6025493FF351}.Release|Any CPU.ActiveCfg = Release|Any CPU
		{821A383C-44EA-453A-8CD8-6025493FF351}.Release|Any CPU.Build.0 = Release|Any CPU
	EndGlobalSection
	GlobalSection(SolutionProperties) = preSolution
		HideSolutionNode = FALSE
	EndGlobalSection
	GlobalSection(NestedProjects) = preSolution
		{EE2591E4-314D-4808-84BB-AE837E9E2983} = {7B3E40F0-1141-4C94-A811-874E811C3F04}
		{ED778D05-1326-4243-A22D-2DA7FF177762} = {EE2591E4-314D-4808-84BB-AE837E9E2983}
		{349ECE27-8F96-4F02-B5E3-9C13AECC62B8} = {7B3E40F0-1141-4C94-A811-874E811C3F04}
		{16C00FF2-D7D2-4828-AEBE-4613A41DBCC3} = {7B3E40F0-1141-4C94-A811-874E811C3F04}
		{608E1971-CCFA-43BE-B73E-72D2DEE70DC4} = {16C00FF2-D7D2-4828-AEBE-4613A41DBCC3}
		{821A383C-44EA-453A-8CD8-6025493FF351} = {EE2591E4-314D-4808-84BB-AE837E9E2983}
	EndGlobalSection
	GlobalSection(ExtensibilityGlobals) = postSolution
		SolutionGuid = {7B922C49-E59F-4A7B-9BB2-BBDCBEE000E8}
	EndGlobalSection
EndGlobal
